Microsoft Visual Studio Solution File, Format Version 12.00
# Visual Studio Version 17
VisualStudioVersion = 17.5.2.0
MinimumVisualStudioVersion = 10.0.40219.1
Project("{FAE04EC0-301F-11D3-BF4B-00C04F79EFBC}") = "rpg_console", "rpg_console.csproj", "{33E852ED-1D14-5E18-C092-EAB71D0ABBDE}"
EndProject
Global
	GlobalSection(SolutionConfigurationPlatforms) = preSolution
		Debug|Any CPU = Debug|Any CPU
		Release|Any CPU = Release|Any CPU
	EndGlobalSection
	GlobalSection(ProjectConfigurationPlatforms) = postSolution
		{33E852ED-1D14-5E18-C092-EAB71D0ABBDE}.Debug|Any CPU.ActiveCfg = Debug|Any CPU
		{33E852ED-1D14-5E18-C092-EAB71D0ABBDE}.Debug|Any CPU.Build.0 = Debug|Any CPU
		{33E852ED-1D14-5E18-C092-EAB71D0ABBDE}.Release|Any CPU.ActiveCfg = Release|Any CPU
		{33E852ED-1D14-5E18-C092-EAB71D0ABBDE}.Release|Any CPU.Build.0 = Release|Any CPU
	EndGlobalSection
	GlobalSection(SolutionProperties) = preSolution
		HideSolutionNode = FALSE
	EndGlobalSection
	GlobalSection(ExtensibilityGlobals) = postSolution
		SolutionGuid = {5AD02A09-0D88-445B-B482-AC93D8B8D8F8}
	EndGlobalSection
EndGlobal
